// !$*UTF8*$!
{
	archiveVersion = 1;
	classes = {
	};
	objectVersion = 55;
	objects = {

/* Begin PBXBuildFile section */
		477F759528B522E1007D502B /* AppDelegate.swift in Sources */ = {isa = PBXBuildFile; fileRef = 477F759428B522E1007D502B /* AppDelegate.swift */; };
		477F759728B522E1007D502B /* SceneDelegate.swift in Sources */ = {isa = PBXBuildFile; fileRef = 477F759628B522E1007D502B /* SceneDelegate.swift */; };
		477F759C28B522E1007D502B /* Main.storyboard in Resources */ = {isa = PBXBuildFile; fileRef = 477F759A28B522E1007D502B /* Main.storyboard */; };
		477F759F28B522E1007D502B /* NYTimesNewsApp.xcdatamodeld in Sources */ = {isa = PBXBuildFile; fileRef = 477F759D28B522E1007D502B /* NYTimesNewsApp.xcdatamodeld */; };
		477F75A128B522E3007D502B /* Assets.xcassets in Resources */ = {isa = PBXBuildFile; fileRef = 477F75A028B522E3007D502B /* Assets.xcassets */; };
		477F75A428B522E3007D502B /* LaunchScreen.storyboard in Resources */ = {isa = PBXBuildFile; fileRef = 477F75A228B522E3007D502B /* LaunchScreen.storyboard */; };
		477F75C428B526FD007D502B /* UIImageView+Ext.swift in Sources */ = {isa = PBXBuildFile; fileRef = 477F75C328B526FD007D502B /* UIImageView+Ext.swift */; };
		477F75C828B52ABB007D502B /* ArchiveController.swift in Sources */ = {isa = PBXBuildFile; fileRef = 477F75C728B52ABB007D502B /* ArchiveController.swift */; };
		477F75CB28B52AD6007D502B /* ArchiveCell.swift in Sources */ = {isa = PBXBuildFile; fileRef = 477F75C928B52AD6007D502B /* ArchiveCell.swift */; };
		477F75CC28B52AD6007D502B /* ArchiveCell.xib in Resources */ = {isa = PBXBuildFile; fileRef = 477F75CA28B52AD6007D502B /* ArchiveCell.xib */; };
		477F75CF28B52BAD007D502B /* ArchiveViewModel.swift in Sources */ = {isa = PBXBuildFile; fileRef = 477F75CE28B52BAD007D502B /* ArchiveViewModel.swift */; };
		477F75D228B53606007D502B /* NetworkHelper.swift in Sources */ = {isa = PBXBuildFile; fileRef = 477F75D028B53606007D502B /* NetworkHelper.swift */; };
		477F75D328B53606007D502B /* NetworkManager.swift in Sources */ = {isa = PBXBuildFile; fileRef = 477F75D128B53606007D502B /* NetworkManager.swift */; };
		477F75D628B53833007D502B /* ArchiveManager.swift in Sources */ = {isa = PBXBuildFile; fileRef = 477F75D528B53833007D502B /* ArchiveManager.swift */; };
		477F75D828B539AB007D502B /* Archive.swift in Sources */ = {isa = PBXBuildFile; fileRef = 477F75D728B539AB007D502B /* Archive.swift */; };
		738AAF518C4E315F9DAEA839 /* Pods_NYTimesNewsApp.framework in Frameworks */ = {isa = PBXBuildFile; fileRef = E12B50336B5F00ADC1F10F7E /* Pods_NYTimesNewsApp.framework */; };
/* End PBXBuildFile section */

/* Begin PBXFileReference section */
		373FED54D00E3F034FC08DCC /* Pods-NYTimesNewsApp.debug.xcconfig */ = {isa = PBXFileReference; includeInIndex = 1; lastKnownFileType = text.xcconfig; name = "Pods-NYTimesNewsApp.debug.xcconfig"; path = "Target Support Files/Pods-NYTimesNewsApp/Pods-NYTimesNewsApp.debug.xcconfig"; sourceTree = "<group>"; };
		3C86375C63857021845083FE /* Pods-NYTimesNewsApp.release.xcconfig */ = {isa = PBXFileReference; includeInIndex = 1; lastKnownFileType = text.xcconfig; name = "Pods-NYTimesNewsApp.release.xcconfig"; path = "Target Support Files/Pods-NYTimesNewsApp/Pods-NYTimesNewsApp.release.xcconfig"; sourceTree = "<group>"; };
		477F759128B522E1007D502B /* NYTimesNewsApp.app */ = {isa = PBXFileReference; explicitFileType = wrapper.application; includeInIndex = 0; path = NYTimesNewsApp.app; sourceTree = BUILT_PRODUCTS_DIR; };
		477F759428B522E1007D502B /* AppDelegate.swift */ = {isa = PBXFileReference; lastKnownFileType = sourcecode.swift; path = AppDelegate.swift; sourceTree = "<group>"; };
		477F759628B522E1007D502B /* SceneDelegate.swift */ = {isa = PBXFileReference; lastKnownFileType = sourcecode.swift; path = SceneDelegate.swift; sourceTree = "<group>"; };
		477F759B28B522E1007D502B /* Base */ = {isa = PBXFileReference; lastKnownFileType = file.storyboard; name = Base; path = Base.lproj/Main.storyboard; sourceTree = "<group>"; };
		477F759E28B522E1007D502B /* NYTimesNewsApp.xcdatamodel */ = {isa = PBXFileReference; lastKnownFileType = wrapper.xcdatamodel; path = NYTimesNewsApp.xcdatamodel; sourceTree = "<group>"; };
		477F75A028B522E3007D502B /* Assets.xcassets */ = {isa = PBXFileReference; lastKnownFileType = folder.assetcatalog; path = Assets.xcassets; sourceTree = "<group>"; };
		477F75A328B522E3007D502B /* Base */ = {isa = PBXFileReference; lastKnownFileType = file.storyboard; name = Base; path = Base.lproj/LaunchScreen.storyboard; sourceTree = "<group>"; };
		477F75A528B522E3007D502B /* Info.plist */ = {isa = PBXFileReference; lastKnownFileType = text.plist.xml; path = Info.plist; sourceTree = "<group>"; };
		477F75C328B526FD007D502B /* UIImageView+Ext.swift */ = {isa = PBXFileReference; lastKnownFileType = sourcecode.swift; path = "UIImageView+Ext.swift"; sourceTree = "<group>"; };
		477F75C728B52ABB007D502B /* ArchiveController.swift */ = {isa = PBXFileReference; lastKnownFileType = sourcecode.swift; path = ArchiveController.swift; sourceTree = "<group>"; };
		477F75C928B52AD6007D502B /* ArchiveCell.swift */ = {isa = PBXFileReference; lastKnownFileType = sourcecode.swift; path = ArchiveCell.swift; sourceTree = "<group>"; };
		477F75CA28B52AD6007D502B /* ArchiveCell.xib */ = {isa = PBXFileReference; lastKnownFileType = file.xib; path = ArchiveCell.xib; sourceTree = "<group>"; };
		477F75CE28B52BAD007D502B /* ArchiveViewModel.swift */ = {isa = PBXFileReference; lastKnownFileType = sourcecode.swift; path = ArchiveViewModel.swift; sourceTree = "<group>"; };
		477F75D028B53606007D502B /* NetworkHelper.swift */ = {isa = PBXFileReference; fileEncoding = 4; lastKnownFileType = sourcecode.swift; path = NetworkHelper.swift; sourceTree = "<group>"; };
		477F75D128B53606007D502B /* NetworkManager.swift */ = {isa = PBXFileReference; fileEncoding = 4; lastKnownFileType = sourcecode.swift; path = NetworkManager.swift; sourceTree = "<group>"; };
		477F75D528B53833007D502B /* ArchiveManager.swift */ = {isa = PBXFileReference; lastKnownFileType = sourcecode.swift; path = ArchiveManager.swift; sourceTree = "<group>"; };
		477F75D728B539AB007D502B /* Archive.swift */ = {isa = PBXFileReference; lastKnownFileType = sourcecode.swift; path = Archive.swift; sourceTree = "<group>"; };
		E12B50336B5F00ADC1F10F7E /* Pods_NYTimesNewsApp.framework */ = {isa = PBXFileReference; explicitFileType = wrapper.framework; includeInIndex = 0; path = Pods_NYTimesNewsApp.framework; sourceTree = BUILT_PRODUCTS_DIR; };
/* End PBXFileReference section */

/* Begin PBXFrameworksBuildPhase section */
		477F758E28B522E1007D502B /* Frameworks */ = {
			isa = PBXFrameworksBuildPhase;
			buildActionMask = 2147483647;
			files = (
				738AAF518C4E315F9DAEA839 /* Pods_NYTimesNewsApp.framework in Frameworks */,
			);
			runOnlyForDeploymentPostprocessing = 0;
		};
/* End PBXFrameworksBuildPhase section */

/* Begin PBXGroup section */
		477F758828B522E1007D502B = {
			isa = PBXGroup;
			children = (
				477F759328B522E1007D502B /* NYTimesNewsApp */,
				477F759228B522E1007D502B /* Products */,
				7CA89763FBBCA5225F5B08CE /* Pods */,
				6175EA71756A046FF820FA36 /* Frameworks */,
			);
			sourceTree = "<group>";
		};
		477F759228B522E1007D502B /* Products */ = {
			isa = PBXGroup;
			children = (
				477F759128B522E1007D502B /* NYTimesNewsApp.app */,
			);
			name = Products;
			sourceTree = "<group>";
		};
		477F759328B522E1007D502B /* NYTimesNewsApp */ = {
			isa = PBXGroup;
			children = (
				477F759428B522E1007D502B /* AppDelegate.swift */,
				477F759628B522E1007D502B /* SceneDelegate.swift */,
				477F75C528B527EC007D502B /* Network */,
				477F75C228B526DB007D502B /* Helper */,
				477F75AB28B52595007D502B /* Scenes */,
				477F759A28B522E1007D502B /* Main.storyboard */,
				477F75A028B522E3007D502B /* Assets.xcassets */,
				477F75A228B522E3007D502B /* LaunchScreen.storyboard */,
				477F75A528B522E3007D502B /* Info.plist */,
				477F759D28B522E1007D502B /* NYTimesNewsApp.xcdatamodeld */,
			);
			path = NYTimesNewsApp;
			sourceTree = "<group>";
		};
		477F75AB28B52595007D502B /* Scenes */ = {
			isa = PBXGroup;
			children = (
				477F75B228B52616007D502B /* Archive */,
				477F75B128B5260B007D502B /* MostPopular */,
				477F75B328B52620007D502B /* MovieReview */,
				477F75B428B52629007D502B /* TopStories */,
				477F75B528B52630007D502B /* Favorite */,
			);
			path = Scenes;
			sourceTree = "<group>";
		};
		477F75AC28B525A2007D502B /* Model */ = {
			isa = PBXGroup;
			children = (
				477F75D728B539AB007D502B /* Archive.swift */,
			);
			path = Model;
			sourceTree = "<group>";
		};
		477F75AD28B525A7007D502B /* View */ = {
			isa = PBXGroup;
			children = (
				477F75CD28B52B2F007D502B /* Cell */,
				477F75C728B52ABB007D502B /* ArchiveController.swift */,
			);
			path = View;
			sourceTree = "<group>";
		};
		477F75AE28B525AB007D502B /* ViewModel */ = {
			isa = PBXGroup;
			children = (
				477F75CE28B52BAD007D502B /* ArchiveViewModel.swift */,
			);
			path = ViewModel;
			sourceTree = "<group>";
		};
		477F75B128B5260B007D502B /* MostPopular */ = {
			isa = PBXGroup;
			children = (
				477F75B828B52658007D502B /* Model */,
				477F75B728B52658007D502B /* View */,
				477F75B628B52658007D502B /* ViewModel */,
			);
			path = MostPopular;
			sourceTree = "<group>";
		};
		477F75B228B52616007D502B /* Archive */ = {
			isa = PBXGroup;
			children = (
				477F75AC28B525A2007D502B /* Model */,
				477F75AD28B525A7007D502B /* View */,
				477F75AE28B525AB007D502B /* ViewModel */,
			);
			path = Archive;
			sourceTree = "<group>";
		};
		477F75B328B52620007D502B /* MovieReview */ = {
			isa = PBXGroup;
			children = (
				477F75B928B5265E007D502B /* Model */,
				477F75BB28B5265E007D502B /* View */,
				477F75BA28B5265E007D502B /* ViewModel */,
			);
			path = MovieReview;
			sourceTree = "<group>";
		};
		477F75B428B52629007D502B /* TopStories */ = {
			isa = PBXGroup;
			children = (
				477F75BC28B52660007D502B /* Model */,
				477F75BE28B52660007D502B /* View */,
				477F75BD28B52660007D502B /* ViewModel */,
			);
			path = TopStories;
			sourceTree = "<group>";
		};
		477F75B528B52630007D502B /* Favorite */ = {
			isa = PBXGroup;
			children = (
				477F75C028B52663007D502B /* Model */,
				477F75C128B52663007D502B /* View */,
				477F75BF28B52663007D502B /* ViewModel */,
			);
			path = Favorite;
			sourceTree = "<group>";
		};
		477F75B628B52658007D502B /* ViewModel */ = {
			isa = PBXGroup;
			children = (
			);
			path = ViewModel;
			sourceTree = "<group>";
		};
		477F75B728B52658007D502B /* View */ = {
			isa = PBXGroup;
			children = (
			);
			path = View;
			sourceTree = "<group>";
		};
		477F75B828B52658007D502B /* Model */ = {
			isa = PBXGroup;
			children = (
			);
			path = Model;
			sourceTree = "<group>";
		};
		477F75B928B5265E007D502B /* Model */ = {
			isa = PBXGroup;
			children = (
			);
			path = Model;
			sourceTree = "<group>";
		};
		477F75BA28B5265E007D502B /* ViewModel */ = {
			isa = PBXGroup;
			children = (
			);
			path = ViewModel;
			sourceTree = "<group>";
		};
		477F75BB28B5265E007D502B /* View */ = {
			isa = PBXGroup;
			children = (
			);
			path = View;
			sourceTree = "<group>";
		};
		477F75BC28B52660007D502B /* Model */ = {
			isa = PBXGroup;
			children = (
			);
			path = Model;
			sourceTree = "<group>";
		};
		477F75BD28B52660007D502B /* ViewModel */ = {
			isa = PBXGroup;
			children = (
			);
			path = ViewModel;
			sourceTree = "<group>";
		};
		477F75BE28B52660007D502B /* View */ = {
			isa = PBXGroup;
			children = (
			);
			path = View;
			sourceTree = "<group>";
		};
		477F75BF28B52663007D502B /* ViewModel */ = {
			isa = PBXGroup;
			children = (
			);
			path = ViewModel;
			sourceTree = "<group>";
		};
		477F75C028B52663007D502B /* Model */ = {
			isa = PBXGroup;
			children = (
			);
			path = Model;
			sourceTree = "<group>";
		};
		477F75C128B52663007D502B /* View */ = {
			isa = PBXGroup;
			children = (
			);
			path = View;
			sourceTree = "<group>";
		};
		477F75C228B526DB007D502B /* Helper */ = {
			isa = PBXGroup;
			children = (
				477F75C328B526FD007D502B /* UIImageView+Ext.swift */,
			);
			path = Helper;
			sourceTree = "<group>";
		};
		477F75C528B527EC007D502B /* Network */ = {
			isa = PBXGroup;
			children = (
				477F75C628B52815007D502B /* Core */,
				477F75D428B53824007D502B /* Archive */,
			);
			path = Network;
			sourceTree = "<group>";
		};
		477F75C628B52815007D502B /* Core */ = {
			isa = PBXGroup;
			children = (
				477F75D028B53606007D502B /* NetworkHelper.swift */,
				477F75D128B53606007D502B /* NetworkManager.swift */,
			);
			path = Core;
			sourceTree = "<group>";
		};
		477F75CD28B52B2F007D502B /* Cell */ = {
			isa = PBXGroup;
			children = (
				477F75C928B52AD6007D502B /* ArchiveCell.swift */,
				477F75CA28B52AD6007D502B /* ArchiveCell.xib */,
			);
			path = Cell;
			sourceTree = "<group>";
		};
		477F75D428B53824007D502B /* Archive */ = {
			isa = PBXGroup;
			children = (
				477F75D528B53833007D502B /* ArchiveManager.swift */,
			);
			path = Archive;
			sourceTree = "<group>";
		};
		6175EA71756A046FF820FA36 /* Frameworks */ = {
			isa = PBXGroup;
			children = (
				E12B50336B5F00ADC1F10F7E /* Pods_NYTimesNewsApp.framework */,
			);
			name = Frameworks;
			sourceTree = "<group>";
		};
		7CA89763FBBCA5225F5B08CE /* Pods */ = {
			isa = PBXGroup;
			children = (
				373FED54D00E3F034FC08DCC /* Pods-NYTimesNewsApp.debug.xcconfig */,
				3C86375C63857021845083FE /* Pods-NYTimesNewsApp.release.xcconfig */,
			);
			path = Pods;
			sourceTree = "<group>";
		};
/* End PBXGroup section */

/* Begin PBXNativeTarget section */
		477F759028B522E1007D502B /* NYTimesNewsApp */ = {
			isa = PBXNativeTarget;
			buildConfigurationList = 477F75A828B522E3007D502B /* Build configuration list for PBXNativeTarget "NYTimesNewsApp" */;
			buildPhases = (
				ADAF40605DDDA84D876B4A0A /* [CP] Check Pods Manifest.lock */,
				477F758D28B522E1007D502B /* Sources */,
				477F758E28B522E1007D502B /* Frameworks */,
				477F758F28B522E1007D502B /* Resources */,
				E85B2289035AD3363D2E90BF /* [CP] Embed Pods Frameworks */,
			);
			buildRules = (
			);
			dependencies = (
			);
			name = NYTimesNewsApp;
			productName = NYTimesNewsApp;
			productReference = 477F759128B522E1007D502B /* NYTimesNewsApp.app */;
			productType = "com.apple.product-type.application";
		};
/* End PBXNativeTarget section */

/* Begin PBXProject section */
		477F758928B522E1007D502B /* Project object */ = {
			isa = PBXProject;
			attributes = {
				BuildIndependentTargetsInParallel = 1;
				LastSwiftUpdateCheck = 1300;
				LastUpgradeCheck = 1300;
				TargetAttributes = {
					477F759028B522E1007D502B = {
						CreatedOnToolsVersion = 13.0;
					};
				};
			};
			buildConfigurationList = 477F758C28B522E1007D502B /* Build configuration list for PBXProject "NYTimesNewsApp" */;
			compatibilityVersion = "Xcode 13.0";
			developmentRegion = en;
			hasScannedForEncodings = 0;
			knownRegions = (
				en,
				Base,
			);
			mainGroup = 477F758828B522E1007D502B;
			productRefGroup = 477F759228B522E1007D502B /* Products */;
			projectDirPath = "";
			projectRoot = "";
			targets = (
				477F759028B522E1007D502B /* NYTimesNewsApp */,
			);
		};
/* End PBXProject section */

/* Begin PBXResourcesBuildPhase section */
		477F758F28B522E1007D502B /* Resources */ = {
			isa = PBXResourcesBuildPhase;
			buildActionMask = 2147483647;
			files = (
				477F75A428B522E3007D502B /* LaunchScreen.storyboard in Resources */,
				477F75A128B522E3007D502B /* Assets.xcassets in Resources */,
				477F75CC28B52AD6007D502B /* ArchiveCell.xib in Resources */,
				477F759C28B522E1007D502B /* Main.storyboard in Resources */,
			);
			runOnlyForDeploymentPostprocessing = 0;
		};
/* End PBXResourcesBuildPhase section */

/* Begin PBXShellScriptBuildPhase section */
		ADAF40605DDDA84D876B4A0A /* [CP] Check Pods Manifest.lock */ = {
			isa = PBXShellScriptBuildPhase;
			buildActionMask = 2147483647;
			files = (
			);
			inputFileListPaths = (
			);
			inputPaths = (
				"${PODS_PODFILE_DIR_PATH}/Podfile.lock",
				"${PODS_ROOT}/Manifest.lock",
			);
			name = "[CP] Check Pods Manifest.lock";
			outputFileListPaths = (
			);
			outputPaths = (
				"$(DERIVED_FILE_DIR)/Pods-NYTimesNewsApp-checkManifestLockResult.txt",
			);
			runOnlyForDeploymentPostprocessing = 0;
			shellPath = /bin/sh;
			shellScript = "diff \"${PODS_PODFILE_DIR_PATH}/Podfile.lock\" \"${PODS_ROOT}/Manifest.lock\" > /dev/null\nif [ $? != 0 ] ; then\n    # print error to STDERR\n    echo \"error: The sandbox is not in sync with the Podfile.lock. Run 'pod install' or update your CocoaPods installation.\" >&2\n    exit 1\nfi\n# This output is used by Xcode 'outputs' to avoid re-running this script phase.\necho \"SUCCESS\" > \"${SCRIPT_OUTPUT_FILE_0}\"\n";
			showEnvVarsInLog = 0;
		};
		E85B2289035AD3363D2E90BF /* [CP] Embed Pods Frameworks */ = {
			isa = PBXShellScriptBuildPhase;
			buildActionMask = 2147483647;
			files = (
			);
			inputFileListPaths = (
				"${PODS_ROOT}/Target Support Files/Pods-NYTimesNewsApp/Pods-NYTimesNewsApp-frameworks-${CONFIGURATION}-input-files.xcfilelist",
			);
			name = "[CP] Embed Pods Frameworks";
			outputFileListPaths = (
				"${PODS_ROOT}/Target Support Files/Pods-NYTimesNewsApp/Pods-NYTimesNewsApp-frameworks-${CONFIGURATION}-output-files.xcfilelist",
			);
			runOnlyForDeploymentPostprocessing = 0;
			shellPath = /bin/sh;
			shellScript = "\"${PODS_ROOT}/Target Support Files/Pods-NYTimesNewsApp/Pods-NYTimesNewsApp-frameworks.sh\"\n";
			showEnvVarsInLog = 0;
		};
/* End PBXShellScriptBuildPhase section */

/* Begin PBXSourcesBuildPhase section */
		477F758D28B522E1007D502B /* Sources */ = {
			isa = PBXSourcesBuildPhase;
			buildActionMask = 2147483647;
			files = (
				477F75D328B53606007D502B /* NetworkManager.swift in Sources */,
				477F75D228B53606007D502B /* NetworkHelper.swift in Sources */,
				477F75D628B53833007D502B /* ArchiveManager.swift in Sources */,
				477F75C428B526FD007D502B /* UIImageView+Ext.swift in Sources */,
				477F759528B522E1007D502B /* AppDelegate.swift in Sources */,
				477F75CB28B52AD6007D502B /* ArchiveCell.swift in Sources */,
				477F75CF28B52BAD007D502B /* ArchiveViewModel.swift in Sources */,
				477F759F28B522E1007D502B /* NYTimesNewsApp.xcdatamodeld in Sources */,
				477F75C828B52ABB007D502B /* ArchiveController.swift in Sources */,
				477F759728B522E1007D502B /* SceneDelegate.swift in Sources */,
				477F75D828B539AB007D502B /* Archive.swift in Sources */,
			);
			runOnlyForDeploymentPostprocessing = 0;
		};
/* End PBXSourcesBuildPhase section */

/* Begin PBXVariantGroup section */
		477F759A28B522E1007D502B /* Main.storyboard */ = {
			isa = PBXVariantGroup;
			children = (
				477F759B28B522E1007D502B /* Base */,
			);
			name = Main.storyboard;
			sourceTree = "<group>";
		};
		477F75A228B522E3007D502B /* LaunchScreen.storyboard */ = {
			isa = PBXVariantGroup;
			children = (
				477F75A328B522E3007D502B /* Base */,
			);
			name = LaunchScreen.storyboard;
			sourceTree = "<group>";
		};
/* End PBXVariantGroup section */

/* Begin XCBuildConfiguration section */
		477F75A628B522E3007D502B /* Debug */ = {
			isa = XCBuildConfiguration;
			buildSettings = {
				ALWAYS_SEARCH_USER_PATHS = NO;
				CLANG_ANALYZER_NONNULL = YES;
				CLANG_ANALYZER_NUMBER_OBJECT_CONVERSION = YES_AGGRESSIVE;
				CLANG_CXX_LANGUAGE_STANDARD = "gnu++17";
				CLANG_CXX_LIBRARY = "libc++";
				CLANG_ENABLE_MODULES = YES;
				CLANG_ENABLE_OBJC_ARC = YES;
				CLANG_ENABLE_OBJC_WEAK = YES;
				CLANG_WARN_BLOCK_CAPTURE_AUTORELEASING = YES;
				CLANG_WARN_BOOL_CONVERSION = YES;
				CLANG_WARN_COMMA = YES;
				CLANG_WARN_CONSTANT_CONVERSION = YES;
				CLANG_WARN_DEPRECATED_OBJC_IMPLEMENTATIONS = YES;
				CLANG_WARN_DIRECT_OBJC_ISA_USAGE = YES_ERROR;
				CLANG_WARN_DOCUMENTATION_COMMENTS = YES;
				CLANG_WARN_EMPTY_BODY = YES;
				CLANG_WARN_ENUM_CONVERSION = YES;
				CLANG_WARN_INFINITE_RECURSION = YES;
				CLANG_WARN_INT_CONVERSION = YES;
				CLANG_WARN_NON_LITERAL_NULL_CONVERSION = YES;
				CLANG_WARN_OBJC_IMPLICIT_RETAIN_SELF = YES;
				CLANG_WARN_OBJC_LITERAL_CONVERSION = YES;
				CLANG_WARN_OBJC_ROOT_CLASS = YES_ERROR;
				CLANG_WARN_QUOTED_INCLUDE_IN_FRAMEWORK_HEADER = YES;
				CLANG_WARN_RANGE_LOOP_ANALYSIS = YES;
				CLANG_WARN_STRICT_PROTOTYPES = YES;
				CLANG_WARN_SUSPICIOUS_MOVE = YES;
				CLANG_WARN_UNGUARDED_AVAILABILITY = YES_AGGRESSIVE;
				CLANG_WARN_UNREACHABLE_CODE = YES;
				CLANG_WARN__DUPLICATE_METHOD_MATCH = YES;
				COPY_PHASE_STRIP = NO;
				DEBUG_INFORMATION_FORMAT = dwarf;
				ENABLE_STRICT_OBJC_MSGSEND = YES;
				ENABLE_TESTABILITY = YES;
				GCC_C_LANGUAGE_STANDARD = gnu11;
				GCC_DYNAMIC_NO_PIC = NO;
				GCC_NO_COMMON_BLOCKS = YES;
				GCC_OPTIMIZATION_LEVEL = 0;
				GCC_PREPROCESSOR_DEFINITIONS = (
					"DEBUG=1",
					"$(inherited)",
				);
				GCC_WARN_64_TO_32_BIT_CONVERSION = YES;
				GCC_WARN_ABOUT_RETURN_TYPE = YES_ERROR;
				GCC_WARN_UNDECLARED_SELECTOR = YES;
				GCC_WARN_UNINITIALIZED_AUTOS = YES_AGGRESSIVE;
				GCC_WARN_UNUSED_FUNCTION = YES;
				GCC_WARN_UNUSED_VARIABLE = YES;
				IPHONEOS_DEPLOYMENT_TARGET = 15.0;
				MTL_ENABLE_DEBUG_INFO = INCLUDE_SOURCE;
				MTL_FAST_MATH = YES;
				ONLY_ACTIVE_ARCH = YES;
				SDKROOT = iphoneos;
				SWIFT_ACTIVE_COMPILATION_CONDITIONS = DEBUG;
				SWIFT_OPTIMIZATION_LEVEL = "-Onone";
			};
			name = Debug;
		};
		477F75A728B522E3007D502B /* Release */ = {
			isa = XCBuildConfiguration;
			buildSettings = {
				ALWAYS_SEARCH_USER_PATHS = NO;
				CLANG_ANALYZER_NONNULL = YES;
				CLANG_ANALYZER_NUMBER_OBJECT_CONVERSION = YES_AGGRESSIVE;
				CLANG_CXX_LANGUAGE_STANDARD = "gnu++17";
				CLANG_CXX_LIBRARY = "libc++";
				CLANG_ENABLE_MODULES = YES;
				CLANG_ENABLE_OBJC_ARC = YES;
				CLANG_ENABLE_OBJC_WEAK = YES;
				CLANG_WARN_BLOCK_CAPTURE_AUTORELEASING = YES;
				CLANG_WARN_BOOL_CONVERSION = YES;
				CLANG_WARN_COMMA = YES;
				CLANG_WARN_CONSTANT_CONVERSION = YES;
				CLANG_WARN_DEPRECATED_OBJC_IMPLEMENTATIONS = YES;
				CLANG_WARN_DIRECT_OBJC_ISA_USAGE = YES_ERROR;
				CLANG_WARN_DOCUMENTATION_COMMENTS = YES;
				CLANG_WARN_EMPTY_BODY = YES;
				CLANG_WARN_ENUM_CONVERSION = YES;
				CLANG_WARN_INFINITE_RECURSION = YES;
				CLANG_WARN_INT_CONVERSION = YES;
				CLANG_WARN_NON_LITERAL_NULL_CONVERSION = YES;
				CLANG_WARN_OBJC_IMPLICIT_RETAIN_SELF = YES;
				CLANG_WARN_OBJC_LITERAL_CONVERSION = YES;
				CLANG_WARN_OBJC_ROOT_CLASS = YES_ERROR;
				CLANG_WARN_QUOTED_INCLUDE_IN_FRAMEWORK_HEADER = YES;
				CLANG_WARN_RANGE_LOOP_ANALYSIS = YES;
				CLANG_WARN_STRICT_PROTOTYPES = YES;
				CLANG_WARN_SUSPICIOUS_MOVE = YES;
				CLANG_WARN_UNGUARDED_AVAILABILITY = YES_AGGRESSIVE;
				CLANG_WARN_UNREACHABLE_CODE = YES;
				CLANG_WARN__DUPLICATE_METHOD_MATCH = YES;
				COPY_PHASE_STRIP = NO;
				DEBUG_INFORMATION_FORMAT = "dwarf-with-dsym";
				ENABLE_NS_ASSERTIONS = NO;
				ENABLE_STRICT_OBJC_MSGSEND = YES;
				GCC_C_LANGUAGE_STANDARD = gnu11;
				GCC_NO_COMMON_BLOCKS = YES;
				GCC_WARN_64_TO_32_BIT_CONVERSION = YES;
				GCC_WARN_ABOUT_RETURN_TYPE = YES_ERROR;
				GCC_WARN_UNDECLARED_SELECTOR = YES;
				GCC_WARN_UNINITIALIZED_AUTOS = YES_AGGRESSIVE;
				GCC_WARN_UNUSED_FUNCTION = YES;
				GCC_WARN_UNUSED_VARIABLE = YES;
				IPHONEOS_DEPLOYMENT_TARGET = 15.0;
				MTL_ENABLE_DEBUG_INFO = NO;
				MTL_FAST_MATH = YES;
				SDKROOT = iphoneos;
				SWIFT_COMPILATION_MODE = wholemodule;
				SWIFT_OPTIMIZATION_LEVEL = "-O";
				VALIDATE_PRODUCT = YES;
			};
			name = Release;
		};
		477F75A928B522E3007D502B /* Debug */ = {
			isa = XCBuildConfiguration;
			baseConfigurationReference = 373FED54D00E3F034FC08DCC /* Pods-NYTimesNewsApp.debug.xcconfig */;
			buildSettings = {
				ASSETCATALOG_COMPILER_APPICON_NAME = AppIcon;
				ASSETCATALOG_COMPILER_GLOBAL_ACCENT_COLOR_NAME = AccentColor;
				CODE_SIGN_STYLE = Automatic;
				CURRENT_PROJECT_VERSION = 1;
				DEVELOPMENT_TEAM = 9TDEENMMAL;
				GENERATE_INFOPLIST_FILE = YES;
				INFOPLIST_FILE = NYTimesNewsApp/Info.plist;
				INFOPLIST_KEY_UIApplicationSupportsIndirectInputEvents = YES;
				INFOPLIST_KEY_UILaunchStoryboardName = LaunchScreen;
				INFOPLIST_KEY_UIMainStoryboardFile = Main;
				INFOPLIST_KEY_UISupportedInterfaceOrientations = UIInterfaceOrientationPortrait;
				INFOPLIST_KEY_UISupportedInterfaceOrientations_iPad = "UIInterfaceOrientationPortrait UIInterfaceOrientationPortraitUpsideDown UIInterfaceOrientationLandscapeLeft UIInterfaceOrientationLandscapeRight";
				INFOPLIST_KEY_UISupportedInterfaceOrientations_iPhone = "UIInterfaceOrientationPortrait UIInterfaceOrientationLandscapeLeft UIInterfaceOrientationLandscapeRight";
				IPHONEOS_DEPLOYMENT_TARGET = 14.0;
				LD_RUNPATH_SEARCH_PATHS = (
					"$(inherited)",
					"@executable_path/Frameworks",
				);
				MARKETING_VERSION = 1.0;
				PRODUCT_BUNDLE_IDENTIFIER = com.swift.NYTimesNewsApp;
				PRODUCT_NAME = "$(TARGET_NAME)";
				SWIFT_EMIT_LOC_STRINGS = YES;
				SWIFT_VERSION = 5.0;
				TARGETED_DEVICE_FAMILY = 1;
			};
			name = Debug;
		};
		477F75AA28B522E3007D502B /* Release */ = {
			isa = XCBuildConfiguration;
			baseConfigurationReference = 3C86375C63857021845083FE /* Pods-NYTimesNewsApp.release.xcconfig */;
			buildSettings = {
				ASSETCATALOG_COMPILER_APPICON_NAME = AppIcon;
				ASSETCATALOG_COMPILER_GLOBAL_ACCENT_COLOR_NAME = AccentColor;
				CODE_SIGN_STYLE = Automatic;
				CURRENT_PROJECT_VERSION = 1;
				DEVELOPMENT_TEAM = 9TDEENMMAL;
				GENERATE_INFOPLIST_FILE = YES;
				INFOPLIST_FILE = NYTimesNewsApp/Info.plist;
				INFOPLIST_KEY_UIApplicationSupportsIndirectInputEvents = YES;
				INFOPLIST_KEY_UILaunchStoryboardName = LaunchScreen;
				INFOPLIST_KEY_UIMainStoryboardFile = Main;
				INFOPLIST_KEY_UISupportedInterfaceOrientations = UIInterfaceOrientationPortrait;
				INFOPLIST_KEY_UISupportedInterfaceOrientations_iPad = "UIInterfaceOrientationPortrait UIInterfaceOrientationPortraitUpsideDown UIInterfaceOrientationLandscapeLeft UIInterfaceOrientationLandscapeRight";
				INFOPLIST_KEY_UISupportedInterfaceOrientations_iPhone = "UIInterfaceOrientationPortrait UIInterfaceOrientationLandscapeLeft UIInterfaceOrientationLandscapeRight";
				IPHONEOS_DEPLOYMENT_TARGET = 14.0;
				LD_RUNPATH_SEARCH_PATHS = (
					"$(inherited)",
					"@executable_path/Frameworks",
				);
				MARKETING_VERSION = 1.0;
				PRODUCT_BUNDLE_IDENTIFIER = com.swift.NYTimesNewsApp;
				PRODUCT_NAME = "$(TARGET_NAME)";
				SWIFT_EMIT_LOC_STRINGS = YES;
				SWIFT_VERSION = 5.0;
				TARGETED_DEVICE_FAMILY = 1;
			};
			name = Release;
		};
/* End XCBuildConfiguration section */

/* Begin XCConfigurationList section */
		477F758C28B522E1007D502B /* Build configuration list for PBXProject "NYTimesNewsApp" */ = {
			isa = XCConfigurationList;
			buildConfigurations = (
				477F75A628B522E3007D502B /* Debug */,
				477F75A728B522E3007D502B /* Release */,
			);
			defaultConfigurationIsVisible = 0;
			defaultConfigurationName = Release;
		};
		477F75A828B522E3007D502B /* Build configuration list for PBXNativeTarget "NYTimesNewsApp" */ = {
			isa = XCConfigurationList;
			buildConfigurations = (
				477F75A928B522E3007D502B /* Debug */,
				477F75AA28B522E3007D502B /* Release */,
			);
			defaultConfigurationIsVisible = 0;
			defaultConfigurationName = Release;
		};
/* End XCConfigurationList section */

/* Begin XCVersionGroup section */
		477F759D28B522E1007D502B /* NYTimesNewsApp.xcdatamodeld */ = {
			isa = XCVersionGroup;
			children = (
				477F759E28B522E1007D502B /* NYTimesNewsApp.xcdatamodel */,
			);
			currentVersion = 477F759E28B522E1007D502B /* NYTimesNewsApp.xcdatamodel */;
			path = NYTimesNewsApp.xcdatamodeld;
			sourceTree = "<group>";
			versionGroupType = wrapper.xcdatamodel;
		};
/* End XCVersionGroup section */
	};
	rootObject = 477F758928B522E1007D502B /* Project object */;
}
